
Microsoft Visual Studio Solution File, Format Version 12.00
# Visual Studio Version 16
VisualStudioVersion = 16.0.29424.173
MinimumVisualStudioVersion = 10.0.40219.1
Project("{9A19103F-16F7-4668-BE54-9A1E7A4F7556}") = "Actividad2", "Actividad2\Actividad2.csproj", "{A4EDE7A0-5BCB-485E-BAA4-8E943946F4CA}"
EndProject
Global
	GlobalSection(SolutionConfigurationPlatforms) = preSolution
		Debug|Any CPU = Debug|Any CPU
		Release|Any CPU = Release|Any CPU
	EndGlobalSection
	GlobalSection(ProjectConfigurationPlatforms) = postSolution
		{A4EDE7A0-5BCB-485E-BAA4-8E943946F4CA}.Debug|Any CPU.ActiveCfg = Debug|Any CPU
		{A4EDE7A0-5BCB-485E-BAA4-8E943946F4CA}.Debug|Any CPU.Build.0 = Debug|Any CPU
		{A4EDE7A0-5BCB-485E-BAA4-8E943946F4CA}.Release|Any CPU.ActiveCfg = Release|Any CPU
		{A4EDE7A0-5BCB-485E-BAA4-8E943946F4CA}.Release|Any CPU.Build.0 = Release|Any CPU
	EndGlobalSection
	GlobalSection(SolutionProperties) = preSolution
		HideSolutionNode = FALSE
	EndGlobalSection
	GlobalSection(ExtensibilityGlobals) = postSolution
		SolutionGuid = {9C3F182F-9B96-43CF-A139-24E3E1321676}
	EndGlobalSection
	GlobalSection(TeamFoundationVersionControl) = preSolution
		SccNumberOfProjects = 2
		SccEnterpriseProvider = {4CA58AB2-18FA-4F8D-95D4-32DDF27D184C}
		SccTeamFoundationServer = https://dev.azure.com/tareasleonardotoala3b
		SccLocalPath0 = .
		SccProjectUniqueName1 = Actividad2\\Actividad2.csproj
		SccProjectName1 = Actividad2
		SccLocalPath1 = Actividad2
	EndGlobalSection
EndGlobal
